
Microsoft Visual Studio Solution File, Format Version 12.00
# Visual Studio Version 17
VisualStudioVersion = 17.0.31903.59
MinimumVisualStudioVersion = 10.0.40219.1
Project("{FAE04EC0-301F-11D3-BF4B-00C04F79EFBC}") = "WebApplicationWeek2", "WebApplicationWeek2\WebApplicationWeek2.csproj", "{5074EB6A-5C17-424C-A7A9-E90131BC2B32}"
EndProject
Global
	GlobalSection(SolutionConfigurationPlatforms) = preSolution
		Debug|Any CPU = Debug|Any CPU
		Release|Any CPU = Release|Any CPU
	EndGlobalSection
	GlobalSection(ProjectConfigurationPlatforms) = postSolution
		{5074EB6A-5C17-424C-A7A9-E90131BC2B32}.Debug|Any CPU.ActiveCfg = Debug|Any CPU
		{5074EB6A-5C17-424C-A7A9-E90131BC2B32}.Debug|Any CPU.Build.0 = Debug|Any CPU
		{5074EB6A-5C17-424C-A7A9-E90131BC2B32}.Release|Any CPU.ActiveCfg = Release|Any CPU
		{5074EB6A-5C17-424C-A7A9-E90131BC2B32}.Release|Any CPU.Build.0 = Release|Any CPU
	EndGlobalSection
	GlobalSection(SolutionProperties) = preSolution
		HideSolutionNode = FALSE
	EndGlobalSection
	GlobalSection(ExtensibilityGlobals) = postSolution
		SolutionGuid = {038DF346-23F7-41E9-B1F9-C26E22114B6B}
	EndGlobalSection
EndGlobal
